
Microsoft Visual Studio Solution File, Format Version 12.00
# Visual Studio Version 16
VisualStudioVersion = 16.0.30709.132
MinimumVisualStudioVersion = 10.0.40219.1
Project("{9A19103F-16F7-4668-BE54-9A1E7A4F7556}") = "WebhookProviderApi", "WebhookProviderApi\WebhookProviderApi.csproj", "{761206D7-0CEB-4F75-90FB-BD8D8F7D7CFA}"
EndProject
Project("{9A19103F-16F7-4668-BE54-9A1E7A4F7556}") = "WebhookClient", "WebhookClient\WebhookClient.csproj", "{AE4012FB-B946-4598-B21C-68F9F7C15968}"
EndProject
Global
	GlobalSection(SolutionConfigurationPlatforms) = preSolution
		Debug|Any CPU = Debug|Any CPU
		Release|Any CPU = Release|Any CPU
	EndGlobalSection
	GlobalSection(ProjectConfigurationPlatforms) = postSolution
		{761206D7-0CEB-4F75-90FB-BD8D8F7D7CFA}.Debug|Any CPU.ActiveCfg = Debug|Any CPU
		{761206D7-0CEB-4F75-90FB-BD8D8F7D7CFA}.Debug|Any CPU.Build.0 = Debug|Any CPU
		{761206D7-0CEB-4F75-90FB-BD8D8F7D7CFA}.Release|Any CPU.ActiveCfg = Release|Any CPU
		{761206D7-0CEB-4F75-90FB-BD8D8F7D7CFA}.Release|Any CPU.Build.0 = Release|Any CPU
		{AE4012FB-B946-4598-B21C-68F9F7C15968}.Debug|Any CPU.ActiveCfg = Debug|Any CPU
		{AE4012FB-B946-4598-B21C-68F9F7C15968}.Debug|Any CPU.Build.0 = Debug|Any CPU
		{AE4012FB-B946-4598-B21C-68F9F7C15968}.Release|Any CPU.ActiveCfg = Release|Any CPU
		{AE4012FB-B946-4598-B21C-68F9F7C15968}.Release|Any CPU.Build.0 = Release|Any CPU
	EndGlobalSection
	GlobalSection(SolutionProperties) = preSolution
		HideSolutionNode = FALSE
	EndGlobalSection
	GlobalSection(ExtensibilityGlobals) = postSolution
		SolutionGuid = {B0ECEAFE-79E7-4B7C-8817-8496D98350D9}
	EndGlobalSection
EndGlobal
